
Microsoft Visual Studio Solution File, Format Version 12.00
# Visual Studio 15
VisualStudioVersion = 15.0.28307.539
MinimumVisualStudioVersion = 10.0.40219.1
Project("{9A19103F-16F7-4668-BE54-9A1E7A4F7556}") = "DAL", "DAL\DAL.csproj", "{880BFA07-5388-4356-B4F7-0B1CCEF5281C}"
EndProject
Project("{9A19103F-16F7-4668-BE54-9A1E7A4F7556}") = "Identity", "Identity\Identity.csproj", "{8063D696-3570-4AEC-83A1-49C16BCAC169}"
EndProject
Project("{9A19103F-16F7-4668-BE54-9A1E7A4F7556}") = "2ScullTattooShop", "2ScullTattooShop\2ScullTattooShop.csproj", "{691A49A7-4E9F-499C-AACB-798027A6A8BB}"
EndProject
Project("{FAE04EC0-301F-11D3-BF4B-00C04F79EFBC}") = "BLL", "BLL\BLL.csproj", "{6244B91C-C231-4D42-8743-29EACB5BD1B2}"
EndProject
Global
	GlobalSection(SolutionConfigurationPlatforms) = preSolution
		Debug|Any CPU = Debug|Any CPU
		Release|Any CPU = Release|Any CPU
	EndGlobalSection
	GlobalSection(ProjectConfigurationPlatforms) = postSolution
		{880BFA07-5388-4356-B4F7-0B1CCEF5281C}.Debug|Any CPU.ActiveCfg = Debug|Any CPU
		{880BFA07-5388-4356-B4F7-0B1CCEF5281C}.Debug|Any CPU.Build.0 = Debug|Any CPU
		{880BFA07-5388-4356-B4F7-0B1CCEF5281C}.Release|Any CPU.ActiveCfg = Release|Any CPU
		{880BFA07-5388-4356-B4F7-0B1CCEF5281C}.Release|Any CPU.Build.0 = Release|Any CPU
		{8063D696-3570-4AEC-83A1-49C16BCAC169}.Debug|Any CPU.ActiveCfg = Debug|Any CPU
		{8063D696-3570-4AEC-83A1-49C16BCAC169}.Debug|Any CPU.Build.0 = Debug|Any CPU
		{8063D696-3570-4AEC-83A1-49C16BCAC169}.Release|Any CPU.ActiveCfg = Release|Any CPU
		{8063D696-3570-4AEC-83A1-49C16BCAC169}.Release|Any CPU.Build.0 = Release|Any CPU
		{691A49A7-4E9F-499C-AACB-798027A6A8BB}.Debug|Any CPU.ActiveCfg = Debug|Any CPU
		{691A49A7-4E9F-499C-AACB-798027A6A8BB}.Debug|Any CPU.Build.0 = Debug|Any CPU
		{691A49A7-4E9F-499C-AACB-798027A6A8BB}.Release|Any CPU.ActiveCfg = Release|Any CPU
		{691A49A7-4E9F-499C-AACB-798027A6A8BB}.Release|Any CPU.Build.0 = Release|Any CPU
		{6244B91C-C231-4D42-8743-29EACB5BD1B2}.Debug|Any CPU.ActiveCfg = Debug|Any CPU
		{6244B91C-C231-4D42-8743-29EACB5BD1B2}.Debug|Any CPU.Build.0 = Debug|Any CPU
		{6244B91C-C231-4D42-8743-29EACB5BD1B2}.Release|Any CPU.ActiveCfg = Release|Any CPU
		{6244B91C-C231-4D42-8743-29EACB5BD1B2}.Release|Any CPU.Build.0 = Release|Any CPU
	EndGlobalSection
	GlobalSection(SolutionProperties) = preSolution
		HideSolutionNode = FALSE
	EndGlobalSection
	GlobalSection(ExtensibilityGlobals) = postSolution
		SolutionGuid = {1A25C1D3-BF2C-45D4-8E20-EC66DE4979D8}
	EndGlobalSection
EndGlobal
